
Microsoft Visual Studio Solution File, Format Version 12.00
# Visual Studio 2012
Project("{FAE04EC0-301F-11D3-BF4B-00C04F79EFBC}") = "RootLinkTestServer", "RootLinkTestServer\RootLinkTestServer.csproj", "{8E16FA34-86FD-4F09-BD7E-433AB7859BAA}"
EndProject
Project("{FAE04EC0-301F-11D3-BF4B-00C04F79EFBC}") = "RootLinkTestSubServer", "RootLinkTestSubServer\RootLinkTestSubServer.csproj", "{20141689-E195-4F0B-8BEE-BD138AB08AC6}"
EndProject
Project("{2150E333-8FDC-42A3-9474-1A3956D46DE8}") = "Plugins", "Plugins", "{A14C1940-F899-4BE0-BB09-A820298A08D5}"
EndProject
Project("{FAE04EC0-301F-11D3-BF4B-00C04F79EFBC}") = "RootLinkTestClient", "RootLinkTestClient\RootLinkTestClient.csproj", "{5D754475-F71D-46A9-99C4-4CCBC7A21980}"
EndProject
Project("{FAE04EC0-301F-11D3-BF4B-00C04F79EFBC}") = "SecureSocketProtocol2", "SecureSocketProtocol2\SecureSocketProtocol2.csproj", "{158D26C2-6132-4285-B99A-B42383A10C3B}"
EndProject
Project("{FAE04EC0-301F-11D3-BF4B-00C04F79EFBC}") = "Server", "Server\Server.csproj", "{E6B1FFCF-0B34-4FAD-9872-3CC5824626BB}"
EndProject
Project("{FAE04EC0-301F-11D3-BF4B-00C04F79EFBC}") = "Client", "Client\Client.csproj", "{8FBD3DDC-3872-473C-A858-05C2F5FFCFFB}"
EndProject
Project("{FAE04EC0-301F-11D3-BF4B-00C04F79EFBC}") = "Benchmarker", "Benchmarker\Benchmarker.csproj", "{D7B0B35D-FFA9-4307-A90E-59F89DC99A98}"
EndProject
Project("{FAE04EC0-301F-11D3-BF4B-00C04F79EFBC}") = "LiteCode", "Plugins\LiteCode\LiteCode.csproj", "{E2380BE1-CF46-4F01-B87D-106244674275}"
EndProject
Project("{FAE04EC0-301F-11D3-BF4B-00C04F79EFBC}") = "LiteCodeClient", "Plugins\LiteCodeClient\LiteCodeClient.csproj", "{04D03B74-EFDA-4166-85D8-234363C67892}"
EndProject
Project("{FAE04EC0-301F-11D3-BF4B-00C04F79EFBC}") = "LiteCodeServer", "Plugins\LiteCodeServer\LiteCodeServer.csproj", "{CA1D609B-BA1E-4ED7-9BAC-EB665A42CD6E}"
EndProject
Project("{FAE04EC0-301F-11D3-BF4B-00C04F79EFBC}") = "RootLinkClient", "Plugins\RootLinkClient\RootLinkClient.csproj", "{40458F19-974B-45B1-9107-E4535ADAD7C0}"
EndProject
Project("{FAE04EC0-301F-11D3-BF4B-00C04F79EFBC}") = "RootLinkMain", "Plugins\RootLinkMain\RootLinkMain.csproj", "{ACBF4B39-A2B8-491C-87F5-F7453D8E63E5}"
EndProject
Project("{FAE04EC0-301F-11D3-BF4B-00C04F79EFBC}") = "RootLinkSubServer", "Plugins\RootLinkSubServer\RootLinkSubServer.csproj", "{298B93DF-92A9-4B64-8779-FD33331B3E98}"
EndProject
Project("{FAE04EC0-301F-11D3-BF4B-00C04F79EFBC}") = "RootLinkTestServer", "Plugins\RootLinkTestServer\RootLinkTestServer.csproj", "{FF469795-296C-400B-BA41-0344A0542AF1}"
EndProject
Project("{FAE04EC0-301F-11D3-BF4B-00C04F79EFBC}") = "RootLinkTestClient", "Plugins\RootLinkTestClient\RootLinkTestClient.csproj", "{2119F5B9-3436-4F35-8630-13F28ADEFE9F}"
EndProject
Project("{FAE04EC0-301F-11D3-BF4B-00C04F79EFBC}") = "RootSocketServer", "Plugins\RootSocketServer\RootSocketServer.csproj", "{CB6E0C6A-09DA-4FF9-B41B-210781CD0F5F}"
EndProject
Project("{FAE04EC0-301F-11D3-BF4B-00C04F79EFBC}") = "RootSocketClient", "Plugins\RootSocketClient\RootSocketClient.csproj", "{8BB55A45-3506-4A68-BC08-60EC15C32E82}"
EndProject
Project("{FAE04EC0-301F-11D3-BF4B-00C04F79EFBC}") = "TestPlugin", "TestPlugin\TestPlugin.csproj", "{DFDD25ED-3D7F-4871-A6CE-8BFB84944706}"
EndProject
Global
	GlobalSection(SolutionConfigurationPlatforms) = preSolution
		Debug|Any CPU = Debug|Any CPU
		Debug|Mixed Platforms = Debug|Mixed Platforms
		Debug|Win32 = Debug|Win32
		Debug|x86 = Debug|x86
		Release|Any CPU = Release|Any CPU
		Release|Mixed Platforms = Release|Mixed Platforms
		Release|Win32 = Release|Win32
		Release|x86 = Release|x86
	EndGlobalSection
	GlobalSection(ProjectConfigurationPlatforms) = postSolution
		{8E16FA34-86FD-4F09-BD7E-433AB7859BAA}.Debug|Any CPU.ActiveCfg = Debug|x86
		{8E16FA34-86FD-4F09-BD7E-433AB7859BAA}.Debug|Mixed Platforms.ActiveCfg = Debug|x86
		{8E16FA34-86FD-4F09-BD7E-433AB7859BAA}.Debug|Mixed Platforms.Build.0 = Debug|x86
		{8E16FA34-86FD-4F09-BD7E-433AB7859BAA}.Debug|Win32.ActiveCfg = Debug|x86
		{8E16FA34-86FD-4F09-BD7E-433AB7859BAA}.Debug|x86.ActiveCfg = Debug|x86
		{8E16FA34-86FD-4F09-BD7E-433AB7859BAA}.Debug|x86.Build.0 = Debug|x86
		{8E16FA34-86FD-4F09-BD7E-433AB7859BAA}.Release|Any CPU.ActiveCfg = Release|x86
		{8E16FA34-86FD-4F09-BD7E-433AB7859BAA}.Release|Mixed Platforms.ActiveCfg = Release|x86
		{8E16FA34-86FD-4F09-BD7E-433AB7859BAA}.Release|Mixed Platforms.Build.0 = Release|x86
		{8E16FA34-86FD-4F09-BD7E-433AB7859BAA}.Release|Win32.ActiveCfg = Release|x86
		{8E16FA34-86FD-4F09-BD7E-433AB7859BAA}.Release|x86.ActiveCfg = Release|x86
		{8E16FA34-86FD-4F09-BD7E-433AB7859BAA}.Release|x86.Build.0 = Release|x86
		{20141689-E195-4F0B-8BEE-BD138AB08AC6}.Debug|Any CPU.ActiveCfg = Debug|x86
		{20141689-E195-4F0B-8BEE-BD138AB08AC6}.Debug|Mixed Platforms.ActiveCfg = Debug|x86
		{20141689-E195-4F0B-8BEE-BD138AB08AC6}.Debug|Mixed Platforms.Build.0 = Debug|x86
		{20141689-E195-4F0B-8BEE-BD138AB08AC6}.Debug|Win32.ActiveCfg = Debug|x86
		{20141689-E195-4F0B-8BEE-BD138AB08AC6}.Debug|x86.ActiveCfg = Debug|x86
		{20141689-E195-4F0B-8BEE-BD138AB08AC6}.Debug|x86.Build.0 = Debug|x86
		{20141689-E195-4F0B-8BEE-BD138AB08AC6}.Release|Any CPU.ActiveCfg = Release|x86
		{20141689-E195-4F0B-8BEE-BD138AB08AC6}.Release|Mixed Platforms.ActiveCfg = Release|x86
		{20141689-E195-4F0B-8BEE-BD138AB08AC6}.Release|Mixed Platforms.Build.0 = Release|x86
		{20141689-E195-4F0B-8BEE-BD138AB08AC6}.Release|Win32.ActiveCfg = Release|x86
		{20141689-E195-4F0B-8BEE-BD138AB08AC6}.Release|x86.ActiveCfg = Release|x86
		{20141689-E195-4F0B-8BEE-BD138AB08AC6}.Release|x86.Build.0 = Release|x86
		{5D754475-F71D-46A9-99C4-4CCBC7A21980}.Debug|Any CPU.ActiveCfg = Debug|x86
		{5D754475-F71D-46A9-99C4-4CCBC7A21980}.Debug|Mixed Platforms.ActiveCfg = Debug|x86
		{5D754475-F71D-46A9-99C4-4CCBC7A21980}.Debug|Mixed Platforms.Build.0 = Debug|x86
		{5D754475-F71D-46A9-99C4-4CCBC7A21980}.Debug|Win32.ActiveCfg = Debug|x86
		{5D754475-F71D-46A9-99C4-4CCBC7A21980}.Debug|x86.ActiveCfg = Debug|x86
		{5D754475-F71D-46A9-99C4-4CCBC7A21980}.Debug|x86.Build.0 = Debug|x86
		{5D754475-F71D-46A9-99C4-4CCBC7A21980}.Release|Any CPU.ActiveCfg = Release|x86
		{5D754475-F71D-46A9-99C4-4CCBC7A21980}.Release|Mixed Platforms.ActiveCfg = Release|x86
		{5D754475-F71D-46A9-99C4-4CCBC7A21980}.Release|Mixed Platforms.Build.0 = Release|x86
		{5D754475-F71D-46A9-99C4-4CCBC7A21980}.Release|Win32.ActiveCfg = Release|x86
		{5D754475-F71D-46A9-99C4-4CCBC7A21980}.Release|x86.ActiveCfg = Release|x86
		{5D754475-F71D-46A9-99C4-4CCBC7A21980}.Release|x86.Build.0 = Release|x86
		{158D26C2-6132-4285-B99A-B42383A10C3B}.Debug|Any CPU.ActiveCfg = Debug|Any CPU
		{158D26C2-6132-4285-B99A-B42383A10C3B}.Debug|Any CPU.Build.0 = Debug|Any CPU
		{158D26C2-6132-4285-B99A-B42383A10C3B}.Debug|Mixed Platforms.ActiveCfg = Debug|Any CPU
		{158D26C2-6132-4285-B99A-B42383A10C3B}.Debug|Mixed Platforms.Build.0 = Debug|Any CPU
		{158D26C2-6132-4285-B99A-B42383A10C3B}.Debug|Win32.ActiveCfg = Debug|Any CPU
		{158D26C2-6132-4285-B99A-B42383A10C3B}.Debug|x86.ActiveCfg = Debug|Any CPU
		{158D26C2-6132-4285-B99A-B42383A10C3B}.Release|Any CPU.ActiveCfg = Release|Any CPU
		{158D26C2-6132-4285-B99A-B42383A10C3B}.Release|Any CPU.Build.0 = Release|Any CPU
		{158D26C2-6132-4285-B99A-B42383A10C3B}.Release|Mixed Platforms.ActiveCfg = Release|Any CPU
		{158D26C2-6132-4285-B99A-B42383A10C3B}.Release|Mixed Platforms.Build.0 = Release|Any CPU
		{158D26C2-6132-4285-B99A-B42383A10C3B}.Release|Win32.ActiveCfg = Release|Any CPU
		{158D26C2-6132-4285-B99A-B42383A10C3B}.Release|x86.ActiveCfg = Release|Any CPU
		{E6B1FFCF-0B34-4FAD-9872-3CC5824626BB}.Debug|Any CPU.ActiveCfg = Debug|Any CPU
		{E6B1FFCF-0B34-4FAD-9872-3CC5824626BB}.Debug|Any CPU.Build.0 = Debug|Any CPU
		{E6B1FFCF-0B34-4FAD-9872-3CC5824626BB}.Debug|Mixed Platforms.ActiveCfg = Debug|Any CPU
		{E6B1FFCF-0B34-4FAD-9872-3CC5824626BB}.Debug|Mixed Platforms.Build.0 = Debug|Any CPU
		{E6B1FFCF-0B34-4FAD-9872-3CC5824626BB}.Debug|Win32.ActiveCfg = Debug|Any CPU
		{E6B1FFCF-0B34-4FAD-9872-3CC5824626BB}.Debug|x86.ActiveCfg = Debug|Any CPU
		{E6B1FFCF-0B34-4FAD-9872-3CC5824626BB}.Release|Any CPU.ActiveCfg = Release|Any CPU
		{E6B1FFCF-0B34-4FAD-9872-3CC5824626BB}.Release|Any CPU.Build.0 = Release|Any CPU
		{E6B1FFCF-0B34-4FAD-9872-3CC5824626BB}.Release|Mixed Platforms.ActiveCfg = Release|Any CPU
		{E6B1FFCF-0B34-4FAD-9872-3CC5824626BB}.Release|Mixed Platforms.Build.0 = Release|Any CPU
		{E6B1FFCF-0B34-4FAD-9872-3CC5824626BB}.Release|Win32.ActiveCfg = Release|Any CPU
		{E6B1FFCF-0B34-4FAD-9872-3CC5824626BB}.Release|x86.ActiveCfg = Release|Any CPU
		{8FBD3DDC-3872-473C-A858-05C2F5FFCFFB}.Debug|Any CPU.ActiveCfg = Debug|Any CPU
		{8FBD3DDC-3872-473C-A858-05C2F5FFCFFB}.Debug|Any CPU.Build.0 = Debug|Any CPU
		{8FBD3DDC-3872-473C-A858-05C2F5FFCFFB}.Debug|Mixed Platforms.ActiveCfg = Debug|Any CPU
		{8FBD3DDC-3872-473C-A858-05C2F5FFCFFB}.Debug|Mixed Platforms.Build.0 = Debug|Any CPU
		{8FBD3DDC-3872-473C-A858-05C2F5FFCFFB}.Debug|Win32.ActiveCfg = Debug|Any CPU
		{8FBD3DDC-3872-473C-A858-05C2F5FFCFFB}.Debug|x86.ActiveCfg = Debug|Any CPU
		{8FBD3DDC-3872-473C-A858-05C2F5FFCFFB}.Release|Any CPU.ActiveCfg = Release|Any CPU
		{8FBD3DDC-3872-473C-A858-05C2F5FFCFFB}.Release|Any CPU.Build.0 = Release|Any CPU
		{8FBD3DDC-3872-473C-A858-05C2F5FFCFFB}.Release|Mixed Platforms.ActiveCfg = Release|Any CPU
		{8FBD3DDC-3872-473C-A858-05C2F5FFCFFB}.Release|Mixed Platforms.Build.0 = Release|Any CPU
		{8FBD3DDC-3872-473C-A858-05C2F5FFCFFB}.Release|Win32.ActiveCfg = Release|Any CPU
		{8FBD3DDC-3872-473C-A858-05C2F5FFCFFB}.Release|x86.ActiveCfg = Release|Any CPU
		{D7B0B35D-FFA9-4307-A90E-59F89DC99A98}.Debug|Any CPU.ActiveCfg = Debug|Any CPU
		{D7B0B35D-FFA9-4307-A90E-59F89DC99A98}.Debug|Any CPU.Build.0 = Debug|Any CPU
		{D7B0B35D-FFA9-4307-A90E-59F89DC99A98}.Debug|Mixed Platforms.ActiveCfg = Debug|Any CPU
		{D7B0B35D-FFA9-4307-A90E-59F89DC99A98}.Debug|Mixed Platforms.Build.0 = Debug|Any CPU
		{D7B0B35D-FFA9-4307-A90E-59F89DC99A98}.Debug|Win32.ActiveCfg = Debug|Any CPU
		{D7B0B35D-FFA9-4307-A90E-59F89DC99A98}.Debug|x86.ActiveCfg = Debug|Any CPU
		{D7B0B35D-FFA9-4307-A90E-59F89DC99A98}.Release|Any CPU.ActiveCfg = Release|Any CPU
		{D7B0B35D-FFA9-4307-A90E-59F89DC99A98}.Release|Any CPU.Build.0 = Release|Any CPU
		{D7B0B35D-FFA9-4307-A90E-59F89DC99A98}.Release|Mixed Platforms.ActiveCfg = Release|Any CPU
		{D7B0B35D-FFA9-4307-A90E-59F89DC99A98}.Release|Mixed Platforms.Build.0 = Release|Any CPU
		{D7B0B35D-FFA9-4307-A90E-59F89DC99A98}.Release|Win32.ActiveCfg = Release|Any CPU
		{D7B0B35D-FFA9-4307-A90E-59F89DC99A98}.Release|x86.ActiveCfg = Release|Any CPU
		{E2380BE1-CF46-4F01-B87D-106244674275}.Debug|Any CPU.ActiveCfg = Debug|Any CPU
		{E2380BE1-CF46-4F01-B87D-106244674275}.Debug|Any CPU.Build.0 = Debug|Any CPU
		{E2380BE1-CF46-4F01-B87D-106244674275}.Debug|Mixed Platforms.ActiveCfg = Debug|Any CPU
		{E2380BE1-CF46-4F01-B87D-106244674275}.Debug|Mixed Platforms.Build.0 = Debug|Any CPU
		{E2380BE1-CF46-4F01-B87D-106244674275}.Debug|Win32.ActiveCfg = Debug|Any CPU
		{E2380BE1-CF46-4F01-B87D-106244674275}.Debug|x86.ActiveCfg = Debug|Any CPU
		{E2380BE1-CF46-4F01-B87D-106244674275}.Release|Any CPU.ActiveCfg = Release|Any CPU
		{E2380BE1-CF46-4F01-B87D-106244674275}.Release|Any CPU.Build.0 = Release|Any CPU
		{E2380BE1-CF46-4F01-B87D-106244674275}.Release|Mixed Platforms.ActiveCfg = Release|Any CPU
		{E2380BE1-CF46-4F01-B87D-106244674275}.Release|Mixed Platforms.Build.0 = Release|Any CPU
		{E2380BE1-CF46-4F01-B87D-106244674275}.Release|Win32.ActiveCfg = Release|Any CPU
		{E2380BE1-CF46-4F01-B87D-106244674275}.Release|x86.ActiveCfg = Release|Any CPU
		{04D03B74-EFDA-4166-85D8-234363C67892}.Debug|Any CPU.ActiveCfg = Debug|Any CPU
		{04D03B74-EFDA-4166-85D8-234363C67892}.Debug|Any CPU.Build.0 = Debug|Any CPU
		{04D03B74-EFDA-4166-85D8-234363C67892}.Debug|Mixed Platforms.ActiveCfg = Debug|Any CPU
		{04D03B74-EFDA-4166-85D8-234363C67892}.Debug|Mixed Platforms.Build.0 = Debug|Any CPU
		{04D03B74-EFDA-4166-85D8-234363C67892}.Debug|Win32.ActiveCfg = Debug|Any CPU
		{04D03B74-EFDA-4166-85D8-234363C67892}.Debug|x86.ActiveCfg = Debug|Any CPU
		{04D03B74-EFDA-4166-85D8-234363C67892}.Release|Any CPU.ActiveCfg = Release|Any CPU
		{04D03B74-EFDA-4166-85D8-234363C67892}.Release|Any CPU.Build.0 = Release|Any CPU
		{04D03B74-EFDA-4166-85D8-234363C67892}.Release|Mixed Platforms.ActiveCfg = Release|Any CPU
		{04D03B74-EFDA-4166-85D8-234363C67892}.Release|Mixed Platforms.Build.0 = Release|Any CPU
		{04D03B74-EFDA-4166-85D8-234363C67892}.Release|Win32.ActiveCfg = Release|Any CPU
		{04D03B74-EFDA-4166-85D8-234363C67892}.Release|x86.ActiveCfg = Release|Any CPU
		{CA1D609B-BA1E-4ED7-9BAC-EB665A42CD6E}.Debug|Any CPU.ActiveCfg = Debug|Any CPU
		{CA1D609B-BA1E-4ED7-9BAC-EB665A42CD6E}.Debug|Any CPU.Build.0 = Debug|Any CPU
		{CA1D609B-BA1E-4ED7-9BAC-EB665A42CD6E}.Debug|Mixed Platforms.ActiveCfg = Debug|Any CPU
		{CA1D609B-BA1E-4ED7-9BAC-EB665A42CD6E}.Debug|Mixed Platforms.Build.0 = Debug|Any CPU
		{CA1D609B-BA1E-4ED7-9BAC-EB665A42CD6E}.Debug|Win32.ActiveCfg = Debug|Any CPU
		{CA1D609B-BA1E-4ED7-9BAC-EB665A42CD6E}.Debug|x86.ActiveCfg = Debug|Any CPU
		{CA1D609B-BA1E-4ED7-9BAC-EB665A42CD6E}.Release|Any CPU.ActiveCfg = Release|Any CPU
		{CA1D609B-BA1E-4ED7-9BAC-EB665A42CD6E}.Release|Any CPU.Build.0 = Release|Any CPU
		{CA1D609B-BA1E-4ED7-9BAC-EB665A42CD6E}.Release|Mixed Platforms.ActiveCfg = Release|Any CPU
		{CA1D609B-BA1E-4ED7-9BAC-EB665A42CD6E}.Release|Mixed Platforms.Build.0 = Release|Any CPU
		{CA1D609B-BA1E-4ED7-9BAC-EB665A42CD6E}.Release|Win32.ActiveCfg = Release|Any CPU
		{CA1D609B-BA1E-4ED7-9BAC-EB665A42CD6E}.Release|x86.ActiveCfg = Release|Any CPU
		{40458F19-974B-45B1-9107-E4535ADAD7C0}.Debug|Any CPU.ActiveCfg = Debug|Any CPU
		{40458F19-974B-45B1-9107-E4535ADAD7C0}.Debug|Any CPU.Build.0 = Debug|Any CPU
		{40458F19-974B-45B1-9107-E4535ADAD7C0}.Debug|Mixed Platforms.ActiveCfg = Debug|Any CPU
		{40458F19-974B-45B1-9107-E4535ADAD7C0}.Debug|Mixed Platforms.Build.0 = Debug|Any CPU
		{40458F19-974B-45B1-9107-E4535ADAD7C0}.Debug|Win32.ActiveCfg = Debug|Any CPU
		{40458F19-974B-45B1-9107-E4535ADAD7C0}.Debug|x86.ActiveCfg = Debug|Any CPU
		{40458F19-974B-45B1-9107-E4535ADAD7C0}.Release|Any CPU.ActiveCfg = Release|Any CPU
		{40458F19-974B-45B1-9107-E4535ADAD7C0}.Release|Any CPU.Build.0 = Release|Any CPU
		{40458F19-974B-45B1-9107-E4535ADAD7C0}.Release|Mixed Platforms.ActiveCfg = Release|Any CPU
		{40458F19-974B-45B1-9107-E4535ADAD7C0}.Release|Mixed Platforms.Build.0 = Release|Any CPU
		{40458F19-974B-45B1-9107-E4535ADAD7C0}.Release|Win32.ActiveCfg = Release|Any CPU
		{40458F19-974B-45B1-9107-E4535ADAD7C0}.Release|x86.ActiveCfg = Release|Any CPU
		{ACBF4B39-A2B8-491C-87F5-F7453D8E63E5}.Debug|Any CPU.ActiveCfg = Debug|Any CPU
		{ACBF4B39-A2B8-491C-87F5-F7453D8E63E5}.Debug|Any CPU.Build.0 = Debug|Any CPU
		{ACBF4B39-A2B8-491C-87F5-F7453D8E63E5}.Debug|Mixed Platforms.ActiveCfg = Debug|Any CPU
		{ACBF4B39-A2B8-491C-87F5-F7453D8E63E5}.Debug|Mixed Platforms.Build.0 = Debug|Any CPU
		{ACBF4B39-A2B8-491C-87F5-F7453D8E63E5}.Debug|Win32.ActiveCfg = Debug|Any CPU
		{ACBF4B39-A2B8-491C-87F5-F7453D8E63E5}.Debug|x86.ActiveCfg = Debug|Any CPU
		{ACBF4B39-A2B8-491C-87F5-F7453D8E63E5}.Release|Any CPU.ActiveCfg = Release|Any CPU
		{ACBF4B39-A2B8-491C-87F5-F7453D8E63E5}.Release|Any CPU.Build.0 = Release|Any CPU
		{ACBF4B39-A2B8-491C-87F5-F7453D8E63E5}.Release|Mixed Platforms.ActiveCfg = Release|Any CPU
		{ACBF4B39-A2B8-491C-87F5-F7453D8E63E5}.Release|Mixed Platforms.Build.0 = Release|Any CPU
		{ACBF4B39-A2B8-491C-87F5-F7453D8E63E5}.Release|Win32.ActiveCfg = Release|Any CPU
		{ACBF4B39-A2B8-491C-87F5-F7453D8E63E5}.Release|x86.ActiveCfg = Release|Any CPU
		{298B93DF-92A9-4B64-8779-FD33331B3E98}.Debug|Any CPU.ActiveCfg = Debug|Any CPU
		{298B93DF-92A9-4B64-8779-FD33331B3E98}.Debug|Any CPU.Build.0 = Debug|Any CPU
		{298B93DF-92A9-4B64-8779-FD33331B3E98}.Debug|Mixed Platforms.ActiveCfg = Debug|Any CPU
		{298B93DF-92A9-4B64-8779-FD33331B3E98}.Debug|Mixed Platforms.Build.0 = Debug|Any CPU
		{298B93DF-92A9-4B64-8779-FD33331B3E98}.Debug|Win32.ActiveCfg = Debug|Any CPU
		{298B93DF-92A9-4B64-8779-FD33331B3E98}.Debug|x86.ActiveCfg = Debug|Any CPU
		{298B93DF-92A9-4B64-8779-FD33331B3E98}.Release|Any CPU.ActiveCfg = Release|Any CPU
		{298B93DF-92A9-4B64-8779-FD33331B3E98}.Release|Any CPU.Build.0 = Release|Any CPU
		{298B93DF-92A9-4B64-8779-FD33331B3E98}.Release|Mixed Platforms.ActiveCfg = Release|Any CPU
		{298B93DF-92A9-4B64-8779-FD33331B3E98}.Release|Mixed Platforms.Build.0 = Release|Any CPU
		{298B93DF-92A9-4B64-8779-FD33331B3E98}.Release|Win32.ActiveCfg = Release|Any CPU
		{298B93DF-92A9-4B64-8779-FD33331B3E98}.Release|x86.ActiveCfg = Release|Any CPU
		{FF469795-296C-400B-BA41-0344A0542AF1}.Debug|Any CPU.ActiveCfg = Debug|x86
		{FF469795-296C-400B-BA41-0344A0542AF1}.Debug|Mixed Platforms.ActiveCfg = Debug|x86
		{FF469795-296C-400B-BA41-0344A0542AF1}.Debug|Mixed Platforms.Build.0 = Debug|x86
		{FF469795-296C-400B-BA41-0344A0542AF1}.Debug|Win32.ActiveCfg = Debug|x86
		{FF469795-296C-400B-BA41-0344A0542AF1}.Debug|Win32.Build.0 = Debug|x86
		{FF469795-296C-400B-BA41-0344A0542AF1}.Debug|x86.ActiveCfg = Debug|x86
		{FF469795-296C-400B-BA41-0344A0542AF1}.Debug|x86.Build.0 = Debug|x86
		{FF469795-296C-400B-BA41-0344A0542AF1}.Release|Any CPU.ActiveCfg = Release|x86
		{FF469795-296C-400B-BA41-0344A0542AF1}.Release|Mixed Platforms.ActiveCfg = Release|x86
		{FF469795-296C-400B-BA41-0344A0542AF1}.Release|Mixed Platforms.Build.0 = Release|x86
		{FF469795-296C-400B-BA41-0344A0542AF1}.Release|Win32.ActiveCfg = Release|x86
		{FF469795-296C-400B-BA41-0344A0542AF1}.Release|Win32.Build.0 = Release|x86
		{FF469795-296C-400B-BA41-0344A0542AF1}.Release|x86.ActiveCfg = Release|x86
		{FF469795-296C-400B-BA41-0344A0542AF1}.Release|x86.Build.0 = Release|x86
		{2119F5B9-3436-4F35-8630-13F28ADEFE9F}.Debug|Any CPU.ActiveCfg = Debug|x86
		{2119F5B9-3436-4F35-8630-13F28ADEFE9F}.Debug|Mixed Platforms.ActiveCfg = Debug|x86
		{2119F5B9-3436-4F35-8630-13F28ADEFE9F}.Debug|Mixed Platforms.Build.0 = Debug|x86
		{2119F5B9-3436-4F35-8630-13F28ADEFE9F}.Debug|Win32.ActiveCfg = Debug|x86
		{2119F5B9-3436-4F35-8630-13F28ADEFE9F}.Debug|Win32.Build.0 = Debug|x86
		{2119F5B9-3436-4F35-8630-13F28ADEFE9F}.Debug|x86.ActiveCfg = Debug|x86
		{2119F5B9-3436-4F35-8630-13F28ADEFE9F}.Debug|x86.Build.0 = Debug|x86
		{2119F5B9-3436-4F35-8630-13F28ADEFE9F}.Release|Any CPU.ActiveCfg = Release|x86
		{2119F5B9-3436-4F35-8630-13F28ADEFE9F}.Release|Mixed Platforms.ActiveCfg = Release|x86
		{2119F5B9-3436-4F35-8630-13F28ADEFE9F}.Release|Mixed Platforms.Build.0 = Release|x86
		{2119F5B9-3436-4F35-8630-13F28ADEFE9F}.Release|Win32.ActiveCfg = Release|x86
		{2119F5B9-3436-4F35-8630-13F28ADEFE9F}.Release|Win32.Build.0 = Release|x86
		{2119F5B9-3436-4F35-8630-13F28ADEFE9F}.Release|x86.ActiveCfg = Release|x86
		{2119F5B9-3436-4F35-8630-13F28ADEFE9F}.Release|x86.Build.0 = Release|x86
		{CB6E0C6A-09DA-4FF9-B41B-210781CD0F5F}.Debug|Any CPU.ActiveCfg = Debug|Any CPU
		{CB6E0C6A-09DA-4FF9-B41B-210781CD0F5F}.Debug|Any CPU.Build.0 = Debug|Any CPU
		{CB6E0C6A-09DA-4FF9-B41B-210781CD0F5F}.Debug|Mixed Platforms.ActiveCfg = Debug|Any CPU
		{CB6E0C6A-09DA-4FF9-B41B-210781CD0F5F}.Debug|Mixed Platforms.Build.0 = Debug|Any CPU
		{CB6E0C6A-09DA-4FF9-B41B-210781CD0F5F}.Debug|Win32.ActiveCfg = Debug|Any CPU
		{CB6E0C6A-09DA-4FF9-B41B-210781CD0F5F}.Debug|x86.ActiveCfg = Debug|Any CPU
		{CB6E0C6A-09DA-4FF9-B41B-210781CD0F5F}.Release|Any CPU.ActiveCfg = Release|Any CPU
		{CB6E0C6A-09DA-4FF9-B41B-210781CD0F5F}.Release|Any CPU.Build.0 = Release|Any CPU
		{CB6E0C6A-09DA-4FF9-B41B-210781CD0F5F}.Release|Mixed Platforms.ActiveCfg = Release|Any CPU
		{CB6E0C6A-09DA-4FF9-B41B-210781CD0F5F}.Release|Mixed Platforms.Build.0 = Release|Any CPU
		{CB6E0C6A-09DA-4FF9-B41B-210781CD0F5F}.Release|Win32.ActiveCfg = Release|Any CPU
		{CB6E0C6A-09DA-4FF9-B41B-210781CD0F5F}.Release|x86.ActiveCfg = Release|Any CPU
		{8BB55A45-3506-4A68-BC08-60EC15C32E82}.Debug|Any CPU.ActiveCfg = Debug|Any CPU
		{8BB55A45-3506-4A68-BC08-60EC15C32E82}.Debug|Any CPU.Build.0 = Debug|Any CPU
		{8BB55A45-3506-4A68-BC08-60EC15C32E82}.Debug|Mixed Platforms.ActiveCfg = Debug|Any CPU
		{8BB55A45-3506-4A68-BC08-60EC15C32E82}.Debug|Mixed Platforms.Build.0 = Debug|Any CPU
		{8BB55A45-3506-4A68-BC08-60EC15C32E82}.Debug|Win32.ActiveCfg = Debug|Any CPU
		{8BB55A45-3506-4A68-BC08-60EC15C32E82}.Debug|x86.ActiveCfg = Debug|Any CPU
		{8BB55A45-3506-4A68-BC08-60EC15C32E82}.Release|Any CPU.ActiveCfg = Release|Any CPU
		{8BB55A45-3506-4A68-BC08-60EC15C32E82}.Release|Any CPU.Build.0 = Release|Any CPU
		{8BB55A45-3506-4A68-BC08-60EC15C32E82}.Release|Mixed Platforms.ActiveCfg = Release|Any CPU
		{8BB55A45-3506-4A68-BC08-60EC15C32E82}.Release|Mixed Platforms.Build.0 = Release|Any CPU
		{8BB55A45-3506-4A68-BC08-60EC15C32E82}.Release|Win32.ActiveCfg = Release|Any CPU
		{8BB55A45-3506-4A68-BC08-60EC15C32E82}.Release|x86.ActiveCfg = Release|Any CPU
		{DFDD25ED-3D7F-4871-A6CE-8BFB84944706}.Debug|Any CPU.ActiveCfg = Debug|Any CPU
		{DFDD25ED-3D7F-4871-A6CE-8BFB84944706}.Debug|Any CPU.Build.0 = Debug|Any CPU
		{DFDD25ED-3D7F-4871-A6CE-8BFB84944706}.Debug|Mixed Platforms.ActiveCfg = Debug|Any CPU
		{DFDD25ED-3D7F-4871-A6CE-8BFB84944706}.Debug|Mixed Platforms.Build.0 = Debug|Any CPU
		{DFDD25ED-3D7F-4871-A6CE-8BFB84944706}.Debug|Win32.ActiveCfg = Debug|Any CPU
		{DFDD25ED-3D7F-4871-A6CE-8BFB84944706}.Debug|x86.ActiveCfg = Debug|Any CPU
		{DFDD25ED-3D7F-4871-A6CE-8BFB84944706}.Release|Any CPU.ActiveCfg = Release|Any CPU
		{DFDD25ED-3D7F-4871-A6CE-8BFB84944706}.Release|Any CPU.Build.0 = Release|Any CPU
		{DFDD25ED-3D7F-4871-A6CE-8BFB84944706}.Release|Mixed Platforms.ActiveCfg = Release|Any CPU
		{DFDD25ED-3D7F-4871-A6CE-8BFB84944706}.Release|Mixed Platforms.Build.0 = Release|Any CPU
		{DFDD25ED-3D7F-4871-A6CE-8BFB84944706}.Release|Win32.ActiveCfg = Release|Any CPU
		{DFDD25ED-3D7F-4871-A6CE-8BFB84944706}.Release|x86.ActiveCfg = Release|Any CPU
	EndGlobalSection
	GlobalSection(SolutionProperties) = preSolution
		HideSolutionNode = FALSE
	EndGlobalSection
	GlobalSection(NestedProjects) = preSolution
		{E2380BE1-CF46-4F01-B87D-106244674275} = {A14C1940-F899-4BE0-BB09-A820298A08D5}
		{04D03B74-EFDA-4166-85D8-234363C67892} = {A14C1940-F899-4BE0-BB09-A820298A08D5}
		{CA1D609B-BA1E-4ED7-9BAC-EB665A42CD6E} = {A14C1940-F899-4BE0-BB09-A820298A08D5}
		{40458F19-974B-45B1-9107-E4535ADAD7C0} = {A14C1940-F899-4BE0-BB09-A820298A08D5}
		{ACBF4B39-A2B8-491C-87F5-F7453D8E63E5} = {A14C1940-F899-4BE0-BB09-A820298A08D5}
		{298B93DF-92A9-4B64-8779-FD33331B3E98} = {A14C1940-F899-4BE0-BB09-A820298A08D5}
		{FF469795-296C-400B-BA41-0344A0542AF1} = {A14C1940-F899-4BE0-BB09-A820298A08D5}
		{2119F5B9-3436-4F35-8630-13F28ADEFE9F} = {A14C1940-F899-4BE0-BB09-A820298A08D5}
		{CB6E0C6A-09DA-4FF9-B41B-210781CD0F5F} = {A14C1940-F899-4BE0-BB09-A820298A08D5}
		{8BB55A45-3506-4A68-BC08-60EC15C32E82} = {A14C1940-F899-4BE0-BB09-A820298A08D5}
	EndGlobalSection
	GlobalSection(SubversionScc) = preSolution
		Svn-Managed = True
		Manager = AnkhSVN - Subversion Support for Visual Studio
	EndGlobalSection
EndGlobal
